
Microsoft Visual Studio Solution File, Format Version 12.00
# Visual Studio 15
VisualStudioVersion = 15.0.26124.0
MinimumVisualStudioVersion = 15.0.26124.0
Project("{FAE04EC0-301F-11D3-BF4B-00C04F79EFBC}") = "app.console", "app.console\app.console.csproj", "{C19AEE21-D977-4574-9C42-AD330B8400D8}"
EndProject
Project("{FAE04EC0-301F-11D3-BF4B-00C04F79EFBC}") = "app.lib", "app.lib\app.lib.csproj", "{926BA786-1C6F-4FD8-ACCF-7008FFB5489E}"
EndProject
Project("{FAE04EC0-301F-11D3-BF4B-00C04F79EFBC}") = "app.lib.tests", "app.lib.tests\app.lib.tests.csproj", "{AD5A8E58-3CF7-4915-949C-07666934449C}"
EndProject
Global
	GlobalSection(SolutionConfigurationPlatforms) = preSolution
		Debug|Any CPU = Debug|Any CPU
		Debug|x64 = Debug|x64
		Debug|x86 = Debug|x86
		Release|Any CPU = Release|Any CPU
		Release|x64 = Release|x64
		Release|x86 = Release|x86
	EndGlobalSection
	GlobalSection(SolutionProperties) = preSolution
		HideSolutionNode = FALSE
	EndGlobalSection
	GlobalSection(ProjectConfigurationPlatforms) = postSolution
		{C19AEE21-D977-4574-9C42-AD330B8400D8}.Debug|Any CPU.ActiveCfg = Debug|Any CPU
		{C19AEE21-D977-4574-9C42-AD330B8400D8}.Debug|Any CPU.Build.0 = Debug|Any CPU
		{C19AEE21-D977-4574-9C42-AD330B8400D8}.Debug|x64.ActiveCfg = Debug|Any CPU
		{C19AEE21-D977-4574-9C42-AD330B8400D8}.Debug|x64.Build.0 = Debug|Any CPU
		{C19AEE21-D977-4574-9C42-AD330B8400D8}.Debug|x86.ActiveCfg = Debug|Any CPU
		{C19AEE21-D977-4574-9C42-AD330B8400D8}.Debug|x86.Build.0 = Debug|Any CPU
		{C19AEE21-D977-4574-9C42-AD330B8400D8}.Release|Any CPU.ActiveCfg = Release|Any CPU
		{C19AEE21-D977-4574-9C42-AD330B8400D8}.Release|Any CPU.Build.0 = Release|Any CPU
		{C19AEE21-D977-4574-9C42-AD330B8400D8}.Release|x64.ActiveCfg = Release|Any CPU
		{C19AEE21-D977-4574-9C42-AD330B8400D8}.Release|x64.Build.0 = Release|Any CPU
		{C19AEE21-D977-4574-9C42-AD330B8400D8}.Release|x86.ActiveCfg = Release|Any CPU
		{C19AEE21-D977-4574-9C42-AD330B8400D8}.Release|x86.Build.0 = Release|Any CPU
		{926BA786-1C6F-4FD8-ACCF-7008FFB5489E}.Debug|Any CPU.ActiveCfg = Debug|Any CPU
		{926BA786-1C6F-4FD8-ACCF-7008FFB5489E}.Debug|Any CPU.Build.0 = Debug|Any CPU
		{926BA786-1C6F-4FD8-ACCF-7008FFB5489E}.Debug|x64.ActiveCfg = Debug|Any CPU
		{926BA786-1C6F-4FD8-ACCF-7008FFB5489E}.Debug|x64.Build.0 = Debug|Any CPU
		{926BA786-1C6F-4FD8-ACCF-7008FFB5489E}.Debug|x86.ActiveCfg = Debug|Any CPU
		{926BA786-1C6F-4FD8-ACCF-7008FFB5489E}.Debug|x86.Build.0 = Debug|Any CPU
		{926BA786-1C6F-4FD8-ACCF-7008FFB5489E}.Release|Any CPU.ActiveCfg = Release|Any CPU
		{926BA786-1C6F-4FD8-ACCF-7008FFB5489E}.Release|Any CPU.Build.0 = Release|Any CPU
		{926BA786-1C6F-4FD8-ACCF-7008FFB5489E}.Release|x64.ActiveCfg = Release|Any CPU
		{926BA786-1C6F-4FD8-ACCF-7008FFB5489E}.Release|x64.Build.0 = Release|Any CPU
		{926BA786-1C6F-4FD8-ACCF-7008FFB5489E}.Release|x86.ActiveCfg = Release|Any CPU
		{926BA786-1C6F-4FD8-ACCF-7008FFB5489E}.Release|x86.Build.0 = Release|Any CPU
		{AD5A8E58-3CF7-4915-949C-07666934449C}.Debug|Any CPU.ActiveCfg = Debug|Any CPU
		{AD5A8E58-3CF7-4915-949C-07666934449C}.Debug|Any CPU.Build.0 = Debug|Any CPU
		{AD5A8E58-3CF7-4915-949C-07666934449C}.Debug|x64.ActiveCfg = Debug|Any CPU
		{AD5A8E58-3CF7-4915-949C-07666934449C}.Debug|x64.Build.0 = Debug|Any CPU
		{AD5A8E58-3CF7-4915-949C-07666934449C}.Debug|x86.ActiveCfg = Debug|Any CPU
		{AD5A8E58-3CF7-4915-949C-07666934449C}.Debug|x86.Build.0 = Debug|Any CPU
		{AD5A8E58-3CF7-4915-949C-07666934449C}.Release|Any CPU.ActiveCfg = Release|Any CPU
		{AD5A8E58-3CF7-4915-949C-07666934449C}.Release|Any CPU.Build.0 = Release|Any CPU
		{AD5A8E58-3CF7-4915-949C-07666934449C}.Release|x64.ActiveCfg = Release|Any CPU
		{AD5A8E58-3CF7-4915-949C-07666934449C}.Release|x64.Build.0 = Release|Any CPU
		{AD5A8E58-3CF7-4915-949C-07666934449C}.Release|x86.ActiveCfg = Release|Any CPU
		{AD5A8E58-3CF7-4915-949C-07666934449C}.Release|x86.Build.0 = Release|Any CPU
	EndGlobalSection
EndGlobal
